
Microsoft Visual Studio Solution File, Format Version 12.00
# Visual Studio 15
VisualStudioVersion = 15.0.26730.12
MinimumVisualStudioVersion = 10.0.40219.1
Project("{8BC9CEB8-8B4A-11D0-8D11-00A0C91BC942}") = "ExerciciosComplexidade_16Ago", "ExerciciosComplexidade_16Ago\ExerciciosComplexidade_16Ago.vcxproj", "{7BABA73C-2067-4E70-AF17-1F544A7B8650}"
EndProject
Global
	GlobalSection(SolutionConfigurationPlatforms) = preSolution
		Debug|x64 = Debug|x64
		Debug|x86 = Debug|x86
		Release|x64 = Release|x64
		Release|x86 = Release|x86
	EndGlobalSection
	GlobalSection(ProjectConfigurationPlatforms) = postSolution
		{7BABA73C-2067-4E70-AF17-1F544A7B8650}.Debug|x64.ActiveCfg = Debug|x64
		{7BABA73C-2067-4E70-AF17-1F544A7B8650}.Debug|x64.Build.0 = Debug|x64
		{7BABA73C-2067-4E70-AF17-1F544A7B8650}.Debug|x86.ActiveCfg = Debug|Win32
		{7BABA73C-2067-4E70-AF17-1F544A7B8650}.Debug|x86.Build.0 = Debug|Win32
		{7BABA73C-2067-4E70-AF17-1F544A7B8650}.Release|x64.ActiveCfg = Release|x64
		{7BABA73C-2067-4E70-AF17-1F544A7B8650}.Release|x64.Build.0 = Release|x64
		{7BABA73C-2067-4E70-AF17-1F544A7B8650}.Release|x86.ActiveCfg = Release|Win32
		{7BABA73C-2067-4E70-AF17-1F544A7B8650}.Release|x86.Build.0 = Release|Win32
	EndGlobalSection
	GlobalSection(SolutionProperties) = preSolution
		HideSolutionNode = FALSE
	EndGlobalSection
	GlobalSection(ExtensibilityGlobals) = postSolution
		SolutionGuid = {63D964AD-ADF3-4C94-9220-CB9E0A0C2962}
	EndGlobalSection
EndGlobal
